{
  "name": "azurepipelinetest",
  "version": "1.0.0",
  "lockfileVersion": 1,
  "requires": true,
  "dependencies": {
    "@babel/runtime": {
      "version": "7.16.7",
      "resolved": "https://pkgs.dev.azure.com/hexagonPPMInnerSource/PPM/_packaging/EcoSys/npm/registry/@babel/runtime/-/runtime-7.16.7.tgz",
      "integrity": "sha1-A/+Z9kEGWIycQDxuy4w7r7vf8fo=",
      "requires": {
        "regenerator-runtime": "^0.13.4"
      }
    },
    "@emotion/hash": {
      "version": "0.8.0",
      "resolved": "https://pkgs.dev.azure.com/hexagonPPMInnerSource/PPM/_packaging/EcoSys/npm/registry/@emotion/hash/-/hash-0.8.0.tgz",
      "integrity": "sha1-u7/2iXj+/b5ozLUzvIy+HRr7VBM="
    },
    "@emotion/is-prop-valid": {
      "version": "0.8.8",
      "resolved": "https://pkgs.dev.azure.com/hexagonPPMInnerSource/PPM/_packaging/EcoSys/npm/registry/@emotion/is-prop-valid/-/is-prop-valid-0.8.8.tgz",
      "integrity": "sha1-2yixxDaKJZtgqXMR1qlS1P0BrBo=",
      "optional": true,
      "requires": {
        "@emotion/memoize": "0.7.4"
      }
    },
    "@emotion/memoize": {
      "version": "0.7.4",
      "resolved": "https://pkgs.dev.azure.com/hexagonPPMInnerSource/PPM/_packaging/EcoSys/npm/registry/@emotion/memoize/-/memoize-0.7.4.tgz",
      "integrity": "sha1-Gb8PWvGRSREcQNmLsM+CEZ9dnus=",
      "optional": true
    },
    "@material-ui/core": {
      "version": "4.8.3",
      "resolved": "https://pkgs.dev.azure.com/hexagonPPMInnerSource/PPM/_packaging/EcoSys/npm/registry/@material-ui/core/-/core-4.8.3.tgz",
      "integrity": "sha1-hY91iybYQX6zkxDwf7nXpyvriwM=",
      "requires": {
        "@babel/runtime": "^7.4.4",
        "@material-ui/styles": "^4.8.2",
        "@material-ui/system": "^4.7.1",
        "@material-ui/types": "^4.1.1",
        "@material-ui/utils": "^4.7.1",
        "@types/react-transition-group": "^4.2.0",
        "clsx": "^1.0.2",
        "convert-css-length": "^2.0.1",
        "hoist-non-react-statics": "^3.2.1",
        "normalize-scroll-left": "^0.2.0",
        "popper.js": "^1.14.1",
        "prop-types": "^15.7.2",
        "react-is": "^16.8.0",
        "react-transition-group": "^4.3.0"
      }
    },
    "@material-ui/styles": {
      "version": "4.11.4",
      "resolved": "https://pkgs.dev.azure.com/hexagonPPMInnerSource/PPM/_packaging/EcoSys/npm/registry/@material-ui/styles/-/styles-4.11.4.tgz",
      "integrity": "sha1-6538z8wtIIJD2YZFff8CVJevoA0=",
      "requires": {
        "@babel/runtime": "^7.4.4",
        "@emotion/hash": "^0.8.0",
        "@material-ui/types": "5.1.0",
        "@material-ui/utils": "^4.11.2",
        "clsx": "^1.0.4",
        "csstype": "^2.5.2",
        "hoist-non-react-statics": "^3.3.2",
        "jss": "^10.5.1",
        "jss-plugin-camel-case": "^10.5.1",
        "jss-plugin-default-unit": "^10.5.1",
        "jss-plugin-global": "^10.5.1",
        "jss-plugin-nested": "^10.5.1",
        "jss-plugin-props-sort": "^10.5.1",
        "jss-plugin-rule-value-function": "^10.5.1",
        "jss-plugin-vendor-prefixer": "^10.5.1",
        "prop-types": "^15.7.2"
      },
      "dependencies": {
        "@material-ui/types": {
          "version": "5.1.0",
          "resolved": "https://pkgs.dev.azure.com/hexagonPPMInnerSource/PPM/_packaging/EcoSys/npm/registry/@material-ui/types/-/types-5.1.0.tgz",
          "integrity": "sha1-76HHoLDqpMfIesA5BEXw+IsNiPI="
        }
      }
    },
    "@material-ui/system": {
      "version": "4.12.1",
      "resolved": "https://pkgs.dev.azure.com/hexagonPPMInnerSource/PPM/_packaging/EcoSys/npm/registry/@material-ui/system/-/system-4.12.1.tgz",
      "integrity": "sha1-LdlsJD+MCjMbK7bUbv13caOZcHw=",
      "requires": {
        "@babel/runtime": "^7.4.4",
        "@material-ui/utils": "^4.11.2",
        "csstype": "^2.5.2",
        "prop-types": "^15.7.2"
      }
    },
    "@material-ui/types": {
      "version": "4.1.1",
      "resolved": "https://pkgs.dev.azure.com/hexagonPPMInnerSource/PPM/_packaging/EcoSys/npm/registry/@material-ui/types/-/types-4.1.1.tgz",
      "integrity": "sha1-tl4ALZJgiZcKMnEhOjrXohsX8Cs=",
      "requires": {
        "@types/react": "*"
      }
    },
    "@material-ui/utils": {
      "version": "4.11.2",
      "resolved": "https://pkgs.dev.azure.com/hexagonPPMInnerSource/PPM/_packaging/EcoSys/npm/registry/@material-ui/utils/-/utils-4.11.2.tgz",
      "integrity": "sha1-8a76fn3/Lry5fTHeUa7KsbtXVAo=",
      "requires": {
        "@babel/runtime": "^7.4.4",
        "prop-types": "^15.7.2",
        "react-is": "^16.8.0 || ^17.0.0"
      }
    },
    "@popmotion/easing": {
      "version": "1.0.2",
      "resolved": "https://pkgs.dev.azure.com/hexagonPPMInnerSource/PPM/_packaging/EcoSys/npm/registry/@popmotion/easing/-/easing-1.0.2.tgz",
      "integrity": "sha1-F9klxFtL9EGJ5aOAONFJ30LYwLQ="
    },
    "@popmotion/popcorn": {
      "version": "0.4.4",
      "resolved": "https://pkgs.dev.azure.com/hexagonPPMInnerSource/PPM/_packaging/EcoSys/npm/registry/@popmotion/popcorn/-/popcorn-0.4.4.tgz",
      "integrity": "sha1-pfkG/M3/hFJuP8uJJxLX2KmNatw=",
      "requires": {
        "@popmotion/easing": "^1.0.1",
        "framesync": "^4.0.1",
        "hey-listen": "^1.0.8",
        "style-value-types": "^3.1.7",
        "tslib": "^1.10.0"
      }
    },
    "@types/prop-types": {
      "version": "15.7.4",
      "resolved": "https://pkgs.dev.azure.com/hexagonPPMInnerSource/PPM/_packaging/EcoSys/npm/registry/@types/prop-types/-/prop-types-15.7.4.tgz",
      "integrity": "sha1-/PcgXCXf95Xuea8eMNosl5CAjxE="
    },
    "@types/react": {
      "version": "17.0.38",
      "resolved": "https://pkgs.dev.azure.com/hexagonPPMInnerSource/PPM/_packaging/EcoSys/npm/registry/@types/react/-/react-17.0.38.tgz",
      "integrity": "sha1-8kJJ/v2JNX1fpx9zmmhrjXxyAr0=",
      "requires": {
        "@types/prop-types": "*",
        "@types/scheduler": "*",
        "csstype": "^3.0.2"
      },
      "dependencies": {
        "csstype": {
          "version": "3.0.10",
          "resolved": "https://pkgs.dev.azure.com/hexagonPPMInnerSource/PPM/_packaging/EcoSys/npm/registry/csstype/-/csstype-3.0.10.tgz",
          "integrity": "sha1-KtOnvtcPNbllcHwJLl8wsyfCkOU="
        }
      }
    },
    "@types/react-transition-group": {
      "version": "4.4.4",
      "resolved": "https://pkgs.dev.azure.com/hexagonPPMInnerSource/PPM/_packaging/EcoSys/npm/registry/@types/react-transition-group/-/react-transition-group-4.4.4.tgz",
      "integrity": "sha1-rNTM6qK+a3V9th7XtDLhAyQtFj4=",
      "requires": {
        "@types/react": "*"
      }
    },
    "@types/scheduler": {
      "version": "0.16.2",
      "resolved": "https://pkgs.dev.azure.com/hexagonPPMInnerSource/PPM/_packaging/EcoSys/npm/registry/@types/scheduler/-/scheduler-0.16.2.tgz",
      "integrity": "sha1-GmL4lSVyPd4kuhsBsJK/XfitTTk="
    },
    "babel-runtime": {
      "version": "6.26.0",
      "resolved": "https://pkgs.dev.azure.com/hexagonPPMInnerSource/PPM/_packaging/EcoSys/npm/registry/babel-runtime/-/babel-runtime-6.26.0.tgz",
      "integrity": "sha1-llxwWGaOgrVde/4E/yM3vItWR/4=",
      "requires": {
        "core-js": "^2.4.0",
        "regenerator-runtime": "^0.11.0"
      },
      "dependencies": {
        "regenerator-runtime": {
          "version": "0.11.1",
          "resolved": "https://pkgs.dev.azure.com/hexagonPPMInnerSource/PPM/_packaging/EcoSys/npm/registry/regenerator-runtime/-/regenerator-runtime-0.11.1.tgz",
          "integrity": "sha1-vgWtf5v30i4Fb5cmzuUBf78Z4uk="
        }
      }
    },
    "classnames": {
      "version": "2.3.1",
      "resolved": "https://pkgs.dev.azure.com/hexagonPPMInnerSource/PPM/_packaging/EcoSys/npm/registry/classnames/-/classnames-2.3.1.tgz",
      "integrity": "sha1-38+jiR4wbsHa0QXQ6I9EF7hTXo4="
    },
    "clsx": {
      "version": "1.1.1",
      "resolved": "https://pkgs.dev.azure.com/hexagonPPMInnerSource/PPM/_packaging/EcoSys/npm/registry/clsx/-/clsx-1.1.1.tgz",
      "integrity": "sha1-mLMTT5q73yOyZjSRrOE8XAOnMYg="
    },
    "color": {
      "version": "3.2.1",
      "resolved": "https://pkgs.dev.azure.com/hexagonPPMInnerSource/PPM/_packaging/EcoSys/npm/registry/color/-/color-3.2.1.tgz",
      "integrity": "sha1-NUTcGYyvRJDD7MmnkLVP6f9F4WQ=",
      "requires": {
        "color-convert": "^1.9.3",
        "color-string": "^1.6.0"
      }
    },
    "color-convert": {
      "version": "1.9.3",
      "resolved": "https://pkgs.dev.azure.com/hexagonPPMInnerSource/PPM/_packaging/EcoSys/npm/registry/color-convert/-/color-convert-1.9.3.tgz",
      "integrity": "sha1-u3GFBpDh8TZWfeYp0tVHHe2kweg=",
      "requires": {
        "color-name": "1.1.3"
      }
    },
    "color-name": {
      "version": "1.1.3",
      "resolved": "https://pkgs.dev.azure.com/hexagonPPMInnerSource/PPM/_packaging/EcoSys/npm/registry/color-name/-/color-name-1.1.3.tgz",
      "integrity": "sha1-p9BVi9icQveV3UIyj3QIMcpTvCU="
    },
    "color-string": {
      "version": "1.9.0",
      "resolved": "https://pkgs.dev.azure.com/hexagonPPMInnerSource/PPM/_packaging/EcoSys/npm/registry/color-string/-/color-string-1.9.0.tgz",
      "integrity": "sha1-Y7br0b7BGZnR3zp5p1aUUawr6Ko=",
      "requires": {
        "color-name": "^1.0.0",
        "simple-swizzle": "^0.2.2"
      }
    },
    "commander": {
      "version": "2.20.3",
      "resolved": "https://pkgs.dev.azure.com/hexagonPPMInnerSource/PPM/_packaging/EcoSys/npm/registry/commander/-/commander-2.20.3.tgz",
      "integrity": "sha1-/UhehMA+tIgcIHIrpIA16FMa6zM="
    },
    "convert-css-length": {
      "version": "2.0.1",
      "resolved": "https://pkgs.dev.azure.com/hexagonPPMInnerSource/PPM/_packaging/EcoSys/npm/registry/convert-css-length/-/convert-css-length-2.0.1.tgz",
      "integrity": "sha1-kKdr3lv9JNcogaW0XQIkmywdJXw="
    },
    "core-js": {
      "version": "2.6.12",
      "resolved": "https://pkgs.dev.azure.com/hexagonPPMInnerSource/PPM/_packaging/EcoSys/npm/registry/core-js/-/core-js-2.6.12.tgz",
      "integrity": "sha1-2TM9+nsGXjR8xWgiGdb2kIWcwuw="
    },
    "css-mediaquery": {
      "version": "0.1.2",
      "resolved": "https://pkgs.dev.azure.com/hexagonPPMInnerSource/PPM/_packaging/EcoSys/npm/registry/css-mediaquery/-/css-mediaquery-0.1.2.tgz",
      "integrity": "sha1-aiw3NEkoYYYxxUvTPO3TAdoYvqA="
    },
    "css-vendor": {
      "version": "2.0.8",
      "resolved": "https://pkgs.dev.azure.com/hexagonPPMInnerSource/PPM/_packaging/EcoSys/npm/registry/css-vendor/-/css-vendor-2.0.8.tgz",
      "integrity": "sha1-5H+R070xF9SRgKPJNeYuPZ9/RJ0=",
      "requires": {
        "@babel/runtime": "^7.8.3",
        "is-in-browser": "^1.0.2"
      }
    },
    "csstype": {
      "version": "2.6.19",
      "resolved": "https://pkgs.dev.azure.com/hexagonPPMInnerSource/PPM/_packaging/EcoSys/npm/registry/csstype/-/csstype-2.6.19.tgz",
      "integrity": "sha1-/utarokCC7OJ4fY2aaXtSQ45HKo="
    },
    "d3": {
      "version": "6.7.0",
      "resolved": "https://pkgs.dev.azure.com/hexagonPPMInnerSource/PPM/_packaging/EcoSys/npm/registry/d3/-/d3-6.7.0.tgz",
      "integrity": "sha1-raxFhZe0osr+jgjPMJSK8Mlc1h8=",
      "requires": {
        "d3-array": "2",
        "d3-axis": "2",
        "d3-brush": "2",
        "d3-chord": "2",
        "d3-color": "2",
        "d3-contour": "2",
        "d3-delaunay": "5",
        "d3-dispatch": "2",
        "d3-drag": "2",
        "d3-dsv": "2",
        "d3-ease": "2",
        "d3-fetch": "2",
        "d3-force": "2",
        "d3-format": "2",
        "d3-geo": "2",
        "d3-hierarchy": "2",
        "d3-interpolate": "2",
        "d3-path": "2",
        "d3-polygon": "2",
        "d3-quadtree": "2",
        "d3-random": "2",
        "d3-scale": "3",
        "d3-scale-chromatic": "2",
        "d3-selection": "2",
        "d3-shape": "2",
        "d3-time": "2",
        "d3-time-format": "3",
        "d3-timer": "2",
        "d3-transition": "2",
        "d3-zoom": "2"
      }
    },
    "d3-array": {
      "version": "2.12.1",
      "resolved": "https://pkgs.dev.azure.com/hexagonPPMInnerSource/PPM/_packaging/EcoSys/npm/registry/d3-array/-/d3-array-2.12.1.tgz",
      "integrity": "sha1-4gtBqvzf/fXVCSgATs7PgVpGXoE=",
      "requires": {
        "internmap": "^1.0.0"
      }
    },
    "d3-axis": {
      "version": "2.1.0",
      "resolved": "https://pkgs.dev.azure.com/hexagonPPMInnerSource/PPM/_packaging/EcoSys/npm/registry/d3-axis/-/d3-axis-2.1.0.tgz",
      "integrity": "sha1-l421NAknERF9Ay+tXXM9IGMH9qA="
    },
    "d3-brush": {
      "version": "2.1.0",
      "resolved": "https://pkgs.dev.azure.com/hexagonPPMInnerSource/PPM/_packaging/EcoSys/npm/registry/d3-brush/-/d3-brush-2.1.0.tgz",
      "integrity": "sha1-ra37sQTok3rxQumm4gKDJvBHEGU=",
      "requires": {
        "d3-dispatch": "1 - 2",
        "d3-drag": "2",
        "d3-interpolate": "1 - 2",
        "d3-selection": "2",
        "d3-transition": "2"
      }
    },
    "d3-chord": {
      "version": "2.0.0",
      "resolved": "https://pkgs.dev.azure.com/hexagonPPMInnerSource/PPM/_packaging/EcoSys/npm/registry/d3-chord/-/d3-chord-2.0.0.tgz",
      "integrity": "sha1-MkkbVmU5EYBWD3OOXBzNHjxH664=",
      "requires": {
        "d3-path": "1 - 2"
      }
    },
    "d3-color": {
      "version": "2.0.0",
      "resolved": "https://pkgs.dev.azure.com/hexagonPPMInnerSource/PPM/_packaging/EcoSys/npm/registry/d3-color/-/d3-color-2.0.0.tgz",
      "integrity": "sha1-jWJcq0Ltm49gGhdgo4n36pGJ1i4="
    },
    "d3-contour": {
      "version": "2.0.0",
      "resolved": "https://pkgs.dev.azure.com/hexagonPPMInnerSource/PPM/_packaging/EcoSys/npm/registry/d3-contour/-/d3-contour-2.0.0.tgz",
      "integrity": "sha1-gO6DSYhWPjvqnZnd3nLA+MCJ6kA=",
      "requires": {
        "d3-array": "2"
      }
    },
    "d3-delaunay": {
      "version": "5.3.0",
      "resolved": "https://pkgs.dev.azure.com/hexagonPPMInnerSource/PPM/_packaging/EcoSys/npm/registry/d3-delaunay/-/d3-delaunay-5.3.0.tgz",
      "integrity": "sha1-tH8Fw4+FSk57POqA4LsS5XOYdy0=",
      "requires": {
        "delaunator": "4"
      }
    },
    "d3-dispatch": {
      "version": "2.0.0",
      "resolved": "https://pkgs.dev.azure.com/hexagonPPMInnerSource/PPM/_packaging/EcoSys/npm/registry/d3-dispatch/-/d3-dispatch-2.0.0.tgz",
      "integrity": "sha1-ihjhb3bdP8rvQhY8l7kmqptV588="
    },
    "d3-drag": {
      "version": "2.0.0",
      "resolved": "https://pkgs.dev.azure.com/hexagonPPMInnerSource/PPM/_packaging/EcoSys/npm/registry/d3-drag/-/d3-drag-2.0.0.tgz",
      "integrity": "sha1-nq8EbOntHCXIhmGRHB1aTY636m0=",
      "requires": {
        "d3-dispatch": "1 - 2",
        "d3-selection": "2"
      }
    },
    "d3-dsv": {
      "version": "2.0.0",
      "resolved": "https://pkgs.dev.azure.com/hexagonPPMInnerSource/PPM/_packaging/EcoSys/npm/registry/d3-dsv/-/d3-dsv-2.0.0.tgz",
      "integrity": "sha1-s3sZS230LaUToSDZE60b4itf58U=",
      "requires": {
        "commander": "2",
        "iconv-lite": "0.4",
        "rw": "1"
      }
    },
    "d3-ease": {
      "version": "2.0.0",
      "resolved": "https://pkgs.dev.azure.com/hexagonPPMInnerSource/PPM/_packaging/EcoSys/npm/registry/d3-ease/-/d3-ease-2.0.0.tgz",
      "integrity": "sha1-/Rdiv8oA2uS6zqUEsdYo/ykKxWM="
    },
    "d3-fetch": {
      "version": "2.0.0",
      "resolved": "https://pkgs.dev.azure.com/hexagonPPMInnerSource/PPM/_packaging/EcoSys/npm/registry/d3-fetch/-/d3-fetch-2.0.0.tgz",
      "integrity": "sha1-7NfvISjZhHo7QbVI/sgJGNZFwGQ=",
      "requires": {
        "d3-dsv": "1 - 2"
      }
    },
    "d3-force": {
      "version": "2.1.1",
      "resolved": "https://pkgs.dev.azure.com/hexagonPPMInnerSource/PPM/_packaging/EcoSys/npm/registry/d3-force/-/d3-force-2.1.1.tgz",
      "integrity": "sha1-8gzL8ebJ6ArdGSbwm1H2hqi8CTc=",
      "requires": {
        "d3-dispatch": "1 - 2",
        "d3-quadtree": "1 - 2",
        "d3-timer": "1 - 2"
      }
    },
    "d3-format": {
      "version": "2.0.0",
      "resolved": "https://pkgs.dev.azure.com/hexagonPPMInnerSource/PPM/_packaging/EcoSys/npm/registry/d3-format/-/d3-format-2.0.0.tgz",
      "integrity": "sha1-oQvMD5hsNytym6RHOCQTqr9bB2c="
    },
    "d3-geo": {
      "version": "2.0.2",
      "resolved": "https://pkgs.dev.azure.com/hexagonPPMInnerSource/PPM/_packaging/EcoSys/npm/registry/d3-geo/-/d3-geo-2.0.2.tgz",
      "integrity": "sha1-wGXBtx/oxfG+ZX5fQ9m90BA4PEA=",
      "requires": {
        "d3-array": "^2.5.0"
      }
    },
    "d3-hierarchy": {
      "version": "2.0.0",
      "resolved": "https://pkgs.dev.azure.com/hexagonPPMInnerSource/PPM/_packaging/EcoSys/npm/registry/d3-hierarchy/-/d3-hierarchy-2.0.0.tgz",
      "integrity": "sha1-2riKWMo+ehvGyrOQ6JZn/MbSAhg="
    },
    "d3-interpolate": {
      "version": "2.0.1",
      "resolved": "https://pkgs.dev.azure.com/hexagonPPMInnerSource/PPM/_packaging/EcoSys/npm/registry/d3-interpolate/-/d3-interpolate-2.0.1.tgz",
      "integrity": "sha1-mL5JnPuKO5TU/2FpAFAaZKvJEWM=",
      "requires": {
        "d3-color": "1 - 2"
      }
    },
    "d3-path": {
      "version": "2.0.0",
      "resolved": "https://pkgs.dev.azure.com/hexagonPPMInnerSource/PPM/_packaging/EcoSys/npm/registry/d3-path/-/d3-path-2.0.0.tgz",
      "integrity": "sha1-VdhqwTGgVIra4kHuv7VrRYLdCdg="
    },
    "d3-polygon": {
      "version": "2.0.0",
      "resolved": "https://pkgs.dev.azure.com/hexagonPPMInnerSource/PPM/_packaging/EcoSys/npm/registry/d3-polygon/-/d3-polygon-2.0.0.tgz",
      "integrity": "sha1-E2CO8EL77GJboVmDJ1ZPA8A5bY4="
    },
    "d3-quadtree": {
      "version": "2.0.0",
      "resolved": "https://pkgs.dev.azure.com/hexagonPPMInnerSource/PPM/_packaging/EcoSys/npm/registry/d3-quadtree/-/d3-quadtree-2.0.0.tgz",
      "integrity": "sha1-7brQRc74hwH2/uOu6Ok/szLTD50="
    },
    "d3-random": {
      "version": "2.2.2",
      "resolved": "https://pkgs.dev.azure.com/hexagonPPMInnerSource/PPM/_packaging/EcoSys/npm/registry/d3-random/-/d3-random-2.2.2.tgz",
      "integrity": "sha1-XuvSCe9ORaKzYrAZwfshwsmMu24="
    },
    "d3-scale": {
      "version": "3.3.0",
      "resolved": "https://pkgs.dev.azure.com/hexagonPPMInnerSource/PPM/_packaging/EcoSys/npm/registry/d3-scale/-/d3-scale-3.3.0.tgz",
      "integrity": "sha1-KMYAsp9H5bnNLfl0nCBnJ5ZiA/M=",
      "requires": {
        "d3-array": "^2.3.0",
        "d3-format": "1 - 2",
        "d3-interpolate": "1.2.0 - 2",
        "d3-time": "^2.1.1",
        "d3-time-format": "2 - 3"
      }
    },
    "d3-scale-chromatic": {
      "version": "2.0.0",
      "resolved": "https://pkgs.dev.azure.com/hexagonPPMInnerSource/PPM/_packaging/EcoSys/npm/registry/d3-scale-chromatic/-/d3-scale-chromatic-2.0.0.tgz",
      "integrity": "sha1-wT86+GaF/5EyPcLw69Lau9cti6s=",
      "requires": {
        "d3-color": "1 - 2",
        "d3-interpolate": "1 - 2"
      }
    },
    "d3-selection": {
      "version": "2.0.0",
      "resolved": "https://pkgs.dev.azure.com/hexagonPPMInnerSource/PPM/_packaging/EcoSys/npm/registry/d3-selection/-/d3-selection-2.0.0.tgz",
      "integrity": "sha1-lKEWOOohQbdWX4g3gNq8fvamEGY="
    },
    "d3-shape": {
      "version": "2.1.0",
      "resolved": "https://pkgs.dev.azure.com/hexagonPPMInnerSource/PPM/_packaging/EcoSys/npm/registry/d3-shape/-/d3-shape-2.1.0.tgz",
      "integrity": "sha1-O2qCzK+8Rd5VtX/PlWxYTe07Zm8=",
      "requires": {
        "d3-path": "1 - 2"
      }
    },
    "d3-time": {
      "version": "2.1.1",
      "resolved": "https://pkgs.dev.azure.com/hexagonPPMInnerSource/PPM/_packaging/EcoSys/npm/registry/d3-time/-/d3-time-2.1.1.tgz",
      "integrity": "sha1-6dioqIaR9FSOaMoIXl/5VnJKZoI=",
      "requires": {
        "d3-array": "2"
      }
    },
    "d3-time-format": {
      "version": "3.0.0",
      "resolved": "https://pkgs.dev.azure.com/hexagonPPMInnerSource/PPM/_packaging/EcoSys/npm/registry/d3-time-format/-/d3-time-format-3.0.0.tgz",
      "integrity": "sha1-34BWyDZZ4B8grF2l/ernwI1fG7Y=",
      "requires": {
        "d3-time": "1 - 2"
      }
    },
    "d3-timer": {
      "version": "2.0.0",
      "resolved": "https://pkgs.dev.azure.com/hexagonPPMInnerSource/PPM/_packaging/EcoSys/npm/registry/d3-timer/-/d3-timer-2.0.0.tgz",
      "integrity": "sha1-BV7bHRcM/jGrLaiWje7pQLVmI+Y="
    },
    "d3-transition": {
      "version": "2.0.0",
      "resolved": "https://pkgs.dev.azure.com/hexagonPPMInnerSource/PPM/_packaging/EcoSys/npm/registry/d3-transition/-/d3-transition-2.0.0.tgz",
      "integrity": "sha1-Nm73DCLviNHjQQX1B1FpkaKRyUw=",
      "requires": {
        "d3-color": "1 - 2",
        "d3-dispatch": "1 - 2",
        "d3-ease": "1 - 2",
        "d3-interpolate": "1 - 2",
        "d3-timer": "1 - 2"
      }
    },
    "d3-zoom": {
      "version": "2.0.0",
      "resolved": "https://pkgs.dev.azure.com/hexagonPPMInnerSource/PPM/_packaging/EcoSys/npm/registry/d3-zoom/-/d3-zoom-2.0.0.tgz",
      "integrity": "sha1-8E0K/QVRi+zOh50EcJxH7Nk/ulQ=",
      "requires": {
        "d3-dispatch": "1 - 2",
        "d3-drag": "2",
        "d3-interpolate": "1 - 2",
        "d3-selection": "2",
        "d3-transition": "2"
      }
    },
    "deepmerge": {
      "version": "3.3.0",
      "resolved": "https://pkgs.dev.azure.com/hexagonPPMInnerSource/PPM/_packaging/EcoSys/npm/registry/deepmerge/-/deepmerge-3.3.0.tgz",
      "integrity": "sha1-08R/1vOpPVF7FEJrBiihewEl9fc="
    },
    "delaunator": {
      "version": "4.0.1",
      "resolved": "https://pkgs.dev.azure.com/hexagonPPMInnerSource/PPM/_packaging/EcoSys/npm/registry/delaunator/-/delaunator-4.0.1.tgz",
      "integrity": "sha1-PXeWh/V5GaekGPirlH073baEaVc="
    },
    "dom-helpers": {
      "version": "5.2.1",
      "resolved": "https://pkgs.dev.azure.com/hexagonPPMInnerSource/PPM/_packaging/EcoSys/npm/registry/dom-helpers/-/dom-helpers-5.2.1.tgz",
      "integrity": "sha1-2UAFNrK/giWtmP4FLgKUUaxA6QI=",
      "requires": {
        "@babel/runtime": "^7.8.7",
        "csstype": "^3.0.2"
      },
      "dependencies": {
        "csstype": {
          "version": "3.0.10",
          "resolved": "https://pkgs.dev.azure.com/hexagonPPMInnerSource/PPM/_packaging/EcoSys/npm/registry/csstype/-/csstype-3.0.10.tgz",
          "integrity": "sha1-KtOnvtcPNbllcHwJLl8wsyfCkOU="
        }
      }
    },
    "dompurify": {
      "version": "2.3.5",
      "resolved": "https://pkgs.dev.azure.com/hexagonPPMInnerSource/PPM/_packaging/EcoSys/npm/registry/dompurify/-/dompurify-2.3.5.tgz",
      "integrity": "sha1-yD7Vo65c4j5S7+ZU6gUv+zWN1+M="
    },
    "framer-motion": {
      "version": "1.16.18",
      "resolved": "https://pkgs.dev.azure.com/hexagonPPMInnerSource/PPM/_packaging/EcoSys/npm/registry/framer-motion/-/framer-motion-1.16.18.tgz",
      "integrity": "sha1-o7sl962DL7C3A02CsAOxJ/6aiZQ=",
      "requires": {
        "@emotion/is-prop-valid": "^0.8.2",
        "@popmotion/easing": "^1.0.2",
        "@popmotion/popcorn": "^0.4.2",
        "framesync": "^4.0.4",
        "hey-listen": "^1.0.8",
        "popmotion": "9.0.0-beta-8",
        "style-value-types": "^3.1.6",
        "stylefire": "^7.0.0",
        "tslib": "^1.10.0"
      }
    },
    "framesync": {
      "version": "4.1.0",
      "resolved": "https://pkgs.dev.azure.com/hexagonPPMInnerSource/PPM/_packaging/EcoSys/npm/registry/framesync/-/framesync-4.1.0.tgz",
      "integrity": "sha1-aajbPKQy3HDWp2uogmhKFJfvBoo=",
      "requires": {
        "hey-listen": "^1.0.5"
      }
    },
    "get-node-dimensions": {
      "version": "1.2.1",
      "resolved": "https://pkgs.dev.azure.com/hexagonPPMInnerSource/PPM/_packaging/EcoSys/npm/registry/get-node-dimensions/-/get-node-dimensions-1.2.1.tgz",
      "integrity": "sha1-+3tLtXBg+0JH3VHJ1pDfvsVrCCM="
    },
    "hey-listen": {
      "version": "1.0.8",
      "resolved": "https://pkgs.dev.azure.com/hexagonPPMInnerSource/PPM/_packaging/EcoSys/npm/registry/hey-listen/-/hey-listen-1.0.8.tgz",
      "integrity": "sha1-jllWH/ckkI3hqpJO1uzISlapqmg="
    },
    "hoist-non-react-statics": {
      "version": "3.3.2",
      "resolved": "https://pkgs.dev.azure.com/hexagonPPMInnerSource/PPM/_packaging/EcoSys/npm/registry/hoist-non-react-statics/-/hoist-non-react-statics-3.3.2.tgz",
      "integrity": "sha1-7OCsr3HWLClpwuxZ/v9CpLGoW0U=",
      "requires": {
        "react-is": "^16.7.0"
      }
    },
    "hyphenate-style-name": {
      "version": "1.0.4",
      "resolved": "https://pkgs.dev.azure.com/hexagonPPMInnerSource/PPM/_packaging/EcoSys/npm/registry/hyphenate-style-name/-/hyphenate-style-name-1.0.4.tgz",
      "integrity": "sha1-aRh5r44iCupXUOiCfbTvYqVONh0="
    },
    "iconv-lite": {
      "version": "0.4.24",
      "resolved": "https://pkgs.dev.azure.com/hexagonPPMInnerSource/PPM/_packaging/EcoSys/npm/registry/iconv-lite/-/iconv-lite-0.4.24.tgz",
      "integrity": "sha1-ICK0sl+93CHS9SSXSkdKr+czkIs=",
      "requires": {
        "safer-buffer": ">= 2.1.2 < 3"
      }
    },
    "internmap": {
      "version": "1.0.1",
      "resolved": "https://pkgs.dev.azure.com/hexagonPPMInnerSource/PPM/_packaging/EcoSys/npm/registry/internmap/-/internmap-1.0.1.tgz",
      "integrity": "sha1-ABfMijuZYF8DAvKxmNJy4BXl35U="
    },
    "is-arrayish": {
      "version": "0.3.2",
      "resolved": "https://pkgs.dev.azure.com/hexagonPPMInnerSource/PPM/_packaging/EcoSys/npm/registry/is-arrayish/-/is-arrayish-0.3.2.tgz",
      "integrity": "sha1-RXSirlb3qyBolvtDHq7tBm/fjwM="
    },
    "is-in-browser": {
      "version": "1.1.3",
      "resolved": "https://pkgs.dev.azure.com/hexagonPPMInnerSource/PPM/_packaging/EcoSys/npm/registry/is-in-browser/-/is-in-browser-1.1.3.tgz",
      "integrity": "sha1-Vv9NtoOgeMYILrldrX3GLh0E+DU="
    },
    "js-tokens": {
      "version": "4.0.0",
      "resolved": "https://registry.npmjs.org/js-tokens/-/js-tokens-4.0.0.tgz",
      "integrity": "sha512-RdJUflcE3cUzKiMqQgsCu06FPu9UdIJO0beYbPhHN4k6apgJtifcoCtT9bcxOpYBtpD2kCM6Sbzg4CausW/PKQ=="
    },
    "jss": {
      "version": "10.9.0",
      "resolved": "https://pkgs.dev.azure.com/hexagonPPMInnerSource/PPM/_packaging/EcoSys/npm/registry/jss/-/jss-10.9.0.tgz",
      "integrity": "sha1-dYPuLNyQSoPIcrppXRuqtLWcFBs=",
      "requires": {
        "@babel/runtime": "^7.3.1",
        "csstype": "^3.0.2",
        "is-in-browser": "^1.1.3",
        "tiny-warning": "^1.0.2"
      },
      "dependencies": {
        "csstype": {
          "version": "3.0.10",
          "resolved": "https://pkgs.dev.azure.com/hexagonPPMInnerSource/PPM/_packaging/EcoSys/npm/registry/csstype/-/csstype-3.0.10.tgz",
          "integrity": "sha1-KtOnvtcPNbllcHwJLl8wsyfCkOU="
        }
      }
    },
    "jss-plugin-camel-case": {
      "version": "10.9.0",
      "resolved": "https://pkgs.dev.azure.com/hexagonPPMInnerSource/PPM/_packaging/EcoSys/npm/registry/jss-plugin-camel-case/-/jss-plugin-camel-case-10.9.0.tgz",
      "integrity": "sha1-SSG1aLONiT85c27oxMXxxkZwqvc=",
      "requires": {
        "@babel/runtime": "^7.3.1",
        "hyphenate-style-name": "^1.0.3",
        "jss": "10.9.0"
      }
    },
    "jss-plugin-default-unit": {
      "version": "10.9.0",
      "resolved": "https://pkgs.dev.azure.com/hexagonPPMInnerSource/PPM/_packaging/EcoSys/npm/registry/jss-plugin-default-unit/-/jss-plugin-default-unit-10.9.0.tgz",
      "integrity": "sha1-uyOkjwdbwM6FK0tNP3WCvAAt+ZE=",
      "requires": {
        "@babel/runtime": "^7.3.1",
        "jss": "10.9.0"
      }
    },
    "jss-plugin-global": {
      "version": "10.9.0",
      "resolved": "https://pkgs.dev.azure.com/hexagonPPMInnerSource/PPM/_packaging/EcoSys/npm/registry/jss-plugin-global/-/jss-plugin-global-10.9.0.tgz",
      "integrity": "sha1-/AegCGrJesoXTjfttIC2knfzkx8=",
      "requires": {
        "@babel/runtime": "^7.3.1",
        "jss": "10.9.0"
      }
    },
    "jss-plugin-nested": {
      "version": "10.9.0",
      "resolved": "https://pkgs.dev.azure.com/hexagonPPMInnerSource/PPM/_packaging/EcoSys/npm/registry/jss-plugin-nested/-/jss-plugin-nested-10.9.0.tgz",
      "integrity": "sha1-zBx9Y61ULDzMbixmyDKMa2sA9LM=",
      "requires": {
        "@babel/runtime": "^7.3.1",
        "jss": "10.9.0",
        "tiny-warning": "^1.0.2"
      }
    },
    "jss-plugin-props-sort": {
      "version": "10.9.0",
      "resolved": "https://pkgs.dev.azure.com/hexagonPPMInnerSource/PPM/_packaging/EcoSys/npm/registry/jss-plugin-props-sort/-/jss-plugin-props-sort-10.9.0.tgz",
      "integrity": "sha1-MOlWfvlHkEP+tuXlnbCbTeaHxH0=",
      "requires": {
        "@babel/runtime": "^7.3.1",
        "jss": "10.9.0"
      }
    },
    "jss-plugin-rule-value-function": {
      "version": "10.9.0",
      "resolved": "https://pkgs.dev.azure.com/hexagonPPMInnerSource/PPM/_packaging/EcoSys/npm/registry/jss-plugin-rule-value-function/-/jss-plugin-rule-value-function-10.9.0.tgz",
      "integrity": "sha1-N5/ScywHRv5FFoAR/iVUTBopXWc=",
      "requires": {
        "@babel/runtime": "^7.3.1",
        "jss": "10.9.0",
        "tiny-warning": "^1.0.2"
      }
    },
    "jss-plugin-vendor-prefixer": {
      "version": "10.9.0",
      "resolved": "https://pkgs.dev.azure.com/hexagonPPMInnerSource/PPM/_packaging/EcoSys/npm/registry/jss-plugin-vendor-prefixer/-/jss-plugin-vendor-prefixer-10.9.0.tgz",
      "integrity": "sha1-qp35ir+z919+1Zo+xQpUUkYaIGo=",
      "requires": {
        "@babel/runtime": "^7.3.1",
        "css-vendor": "^2.0.8",
        "jss": "10.9.0"
      }
    },
    "linear-layout-vector": {
      "version": "0.0.1",
      "resolved": "https://pkgs.dev.azure.com/hexagonPPMInnerSource/PPM/_packaging/EcoSys/npm/registry/linear-layout-vector/-/linear-layout-vector-0.0.1.tgz",
      "integrity": "sha1-OYEU1zA7bsx/1rJzr3uEAdi6nHA="
    },
    "lodash": {
      "version": "4.17.21",
      "resolved": "https://pkgs.dev.azure.com/hexagonPPMInnerSource/PPM/_packaging/EcoSys/npm/registry/lodash/-/lodash-4.17.21.tgz",
      "integrity": "sha1-Z5WRxWTDv/quhFTPCz3zcMPWkRw="
    },
    "loose-envify": {
      "version": "1.4.0",
      "resolved": "https://registry.npmjs.org/loose-envify/-/loose-envify-1.4.0.tgz",
      "integrity": "sha512-lyuxPGr/Wfhrlem2CL/UcnUc1zcqKAImBDzukY7Y5F/yQiNdko6+fRLevlw1HgMySw7f611UIY408EtxRSoK3Q==",
      "requires": {
        "js-tokens": "^3.0.0 || ^4.0.0"
      }
    },
    "matchmediaquery": {
      "version": "0.3.1",
      "resolved": "https://pkgs.dev.azure.com/hexagonPPMInnerSource/PPM/_packaging/EcoSys/npm/registry/matchmediaquery/-/matchmediaquery-0.3.1.tgz",
      "integrity": "sha1-gkftxH5Jnrt8WPYqn/nM9bgVxtc=",
      "requires": {
        "css-mediaquery": "^0.1.2"
      }
    },
    "memoize-one": {
      "version": "5.2.1",
      "resolved": "https://pkgs.dev.azure.com/hexagonPPMInnerSource/PPM/_packaging/EcoSys/npm/registry/memoize-one/-/memoize-one-5.2.1.tgz",
      "integrity": "sha1-gzeqPEM1WBg57AHD1ZQJDOvo8A4="
    },
    "normalize-scroll-left": {
      "version": "0.2.1",
      "resolved": "https://pkgs.dev.azure.com/hexagonPPMInnerSource/PPM/_packaging/EcoSys/npm/registry/normalize-scroll-left/-/normalize-scroll-left-0.2.1.tgz",
      "integrity": "sha1-l4/dBL/rLTVD4WaWgUKFVXwSdQI="
    },
    "object-assign": {
      "version": "4.1.1",
      "resolved": "https://registry.npmjs.org/object-assign/-/object-assign-4.1.1.tgz",
      "integrity": "sha1-IQmtx5ZYh8/AXLvUQsrIv7s2CGM="
    },
    "polished": {
      "version": "3.7.2",
      "resolved": "https://pkgs.dev.azure.com/hexagonPPMInnerSource/PPM/_packaging/EcoSys/npm/registry/polished/-/polished-3.7.2.tgz",
      "integrity": "sha1-7F3cF6fTIqV01eEN3SpvAdPnZ9E=",
      "requires": {
        "@babel/runtime": "^7.12.5"
      }
    },
    "popmotion": {
      "version": "9.0.0-beta-8",
      "resolved": "https://pkgs.dev.azure.com/hexagonPPMInnerSource/PPM/_packaging/EcoSys/npm/registry/popmotion/-/popmotion-9.0.0-beta-8.tgz",
      "integrity": "sha1-9acJ8Rc3c06E8qa3P5vPJe4ww4g=",
      "requires": {
        "@popmotion/easing": "^1.0.1",
        "@popmotion/popcorn": "^0.4.2",
        "framesync": "^4.0.4",
        "hey-listen": "^1.0.8",
        "style-value-types": "^3.1.6",
        "tslib": "^1.10.0"
      }
    },
    "popper.js": {
      "version": "1.16.1",
      "resolved": "https://pkgs.dev.azure.com/hexagonPPMInnerSource/PPM/_packaging/EcoSys/npm/registry/popper.js/-/popper.js-1.16.1.tgz",
      "integrity": "sha1-KiI8s9x7YhPXQOQDcr5A3kPmWxs="
    },
    "prop-types": {
      "version": "15.8.1",
      "resolved": "https://pkgs.dev.azure.com/hexagonPPMInnerSource/PPM/_packaging/EcoSys/npm/registry/prop-types/-/prop-types-15.8.1.tgz",
      "integrity": "sha1-Z9h78aaU9IQ1zzMsJK8QIUoxQLU=",
      "requires": {
        "loose-envify": "^1.4.0",
        "object-assign": "^4.1.1",
        "react-is": "^16.13.1"
      }
    },
    "raf-schd": {
      "version": "4.0.3",
      "resolved": "https://pkgs.dev.azure.com/hexagonPPMInnerSource/PPM/_packaging/EcoSys/npm/registry/raf-schd/-/raf-schd-4.0.3.tgz",
      "integrity": "sha1-XWw070b4sqDogKj823Q+/Fv9vBo="
    },
    "react": {
      "version": "17.0.2",
      "resolved": "https://registry.npmjs.org/react/-/react-17.0.2.tgz",
      "integrity": "sha512-gnhPt75i/dq/z3/6q/0asP78D0u592D5L1pd7M8P+dck6Fu/jJeL6iVVK23fptSUZj8Vjf++7wXA8UNclGQcbA==",
      "requires": {
        "loose-envify": "^1.1.0",
        "object-assign": "^4.1.1"
      }
    },
    "react-draggable": {
      "version": "4.4.4",
      "resolved": "https://pkgs.dev.azure.com/hexagonPPMInnerSource/PPM/_packaging/EcoSys/npm/registry/react-draggable/-/react-draggable-4.4.4.tgz",
      "integrity": "sha1-WybZmWvmPTLShaQm9BBV3oflmy8=",
      "requires": {
        "clsx": "^1.1.1",
        "prop-types": "^15.6.0"
      }
    },
    "react-is": {
      "version": "16.13.1",
      "resolved": "https://pkgs.dev.azure.com/hexagonPPMInnerSource/PPM/_packaging/EcoSys/npm/registry/react-is/-/react-is-16.13.1.tgz",
      "integrity": "sha1-eJcppNw23imZ3BVt1sHZwYzqVqQ="
    },
    "react-lifecycles-compat": {
      "version": "3.0.4",
      "resolved": "https://pkgs.dev.azure.com/hexagonPPMInnerSource/PPM/_packaging/EcoSys/npm/registry/react-lifecycles-compat/-/react-lifecycles-compat-3.0.4.tgz",
      "integrity": "sha1-TxonOv38jzSIqMUWv9p4+HI1I2I="
    },
    "react-measure": {
      "version": "2.5.2",
      "resolved": "https://pkgs.dev.azure.com/hexagonPPMInnerSource/PPM/_packaging/EcoSys/npm/registry/react-measure/-/react-measure-2.5.2.tgz",
      "integrity": "sha1-T/xBDoucuDbZRVqf8Y/B8Pymf4k=",
      "requires": {
        "@babel/runtime": "^7.2.0",
        "get-node-dimensions": "^1.2.1",
        "prop-types": "^15.6.2",
        "resize-observer-polyfill": "^1.5.0"
      }
    },
    "react-resize-detector": {
      "version": "5.2.0",
      "resolved": "https://pkgs.dev.azure.com/hexagonPPMInnerSource/PPM/_packaging/EcoSys/npm/registry/react-resize-detector/-/react-resize-detector-5.2.0.tgz",
      "integrity": "sha1-mSCDg0QyMIxVGoJRosUjBtnRZxg=",
      "requires": {
        "lodash": "^4.17.20",
        "prop-types": "^15.7.2",
        "raf-schd": "^4.0.2",
        "resize-observer-polyfill": "^1.5.1"
      }
    },
    "react-responsive": {
      "version": "8.2.0",
      "resolved": "https://pkgs.dev.azure.com/hexagonPPMInnerSource/PPM/_packaging/EcoSys/npm/registry/react-responsive/-/react-responsive-8.2.0.tgz",
      "integrity": "sha1-4P+zBs/Y84ycEuJnJbnhJF+p3rw=",
      "requires": {
        "hyphenate-style-name": "^1.0.0",
        "matchmediaquery": "^0.3.0",
        "prop-types": "^15.6.1",
        "shallow-equal": "^1.1.0"
      }
    },
    "react-transition-group": {
      "version": "4.4.2",
      "resolved": "https://pkgs.dev.azure.com/hexagonPPMInnerSource/PPM/_packaging/EcoSys/npm/registry/react-transition-group/-/react-transition-group-4.4.2.tgz",
      "integrity": "sha1-i1mlbwnO17VcvVPDZ2i5IokNVHA=",
      "requires": {
        "@babel/runtime": "^7.5.5",
        "dom-helpers": "^5.0.1",
        "loose-envify": "^1.4.0",
        "prop-types": "^15.6.2"
      }
    },
    "react-virtualized": {
      "version": "9.21.1",
      "resolved": "https://pkgs.dev.azure.com/hexagonPPMInnerSource/PPM/_packaging/EcoSys/npm/registry/react-virtualized/-/react-virtualized-9.21.1.tgz",
      "integrity": "sha1-Tbv48KFCDi3jq/KPu3cSCBUnezo=",
      "requires": {
        "babel-runtime": "^6.26.0",
        "clsx": "^1.0.1",
        "dom-helpers": "^2.4.0 || ^3.0.0",
        "linear-layout-vector": "0.0.1",
        "loose-envify": "^1.3.0",
        "prop-types": "^15.6.0",
        "react-lifecycles-compat": "^3.0.4"
      },
      "dependencies": {
        "dom-helpers": {
          "version": "3.4.0",
          "resolved": "https://pkgs.dev.azure.com/hexagonPPMInnerSource/PPM/_packaging/EcoSys/npm/registry/dom-helpers/-/dom-helpers-3.4.0.tgz",
          "integrity": "sha1-6bNpcA+Vn2Ls3lprq95LzNkWmvg=",
          "requires": {
            "@babel/runtime": "^7.1.2"
          }
        }
      }
    },
    "react-window": {
      "version": "1.8.6",
      "resolved": "https://pkgs.dev.azure.com/hexagonPPMInnerSource/PPM/_packaging/EcoSys/npm/registry/react-window/-/react-window-1.8.6.tgz",
      "integrity": "sha1-0BGVCsZDqZQRhjJmWq0MY4LioRI=",
      "requires": {
        "@babel/runtime": "^7.0.0",
        "memoize-one": ">=3.1.1 <6"
      }
    },
    "regenerator-runtime": {
      "version": "0.13.9",
      "resolved": "https://pkgs.dev.azure.com/hexagonPPMInnerSource/PPM/_packaging/EcoSys/npm/registry/regenerator-runtime/-/regenerator-runtime-0.13.9.tgz",
      "integrity": "sha1-iSV0Kpj/2QgUmI11Zq0wyjsmO1I="
    },
    "resize-observer-polyfill": {
      "version": "1.5.1",
      "resolved": "https://pkgs.dev.azure.com/hexagonPPMInnerSource/PPM/_packaging/EcoSys/npm/registry/resize-observer-polyfill/-/resize-observer-polyfill-1.5.1.tgz",
      "integrity": "sha1-DpAg3T0hAkRY1OvSfiPkAmmBBGQ="
    },
    "rw": {
      "version": "1.3.3",
      "resolved": "https://pkgs.dev.azure.com/hexagonPPMInnerSource/PPM/_packaging/EcoSys/npm/registry/rw/-/rw-1.3.3.tgz",
      "integrity": "sha1-P4Yt+pGrdmsUiF700BEkv9oHT7Q="
    },
    "safer-buffer": {
      "version": "2.1.2",
      "resolved": "https://pkgs.dev.azure.com/hexagonPPMInnerSource/PPM/_packaging/EcoSys/npm/registry/safer-buffer/-/safer-buffer-2.1.2.tgz",
      "integrity": "sha1-RPoWGwGHuVSd2Eu5GAL5vYOFzWo="
    },
    "shallow-equal": {
      "version": "1.2.1",
      "resolved": "https://pkgs.dev.azure.com/hexagonPPMInnerSource/PPM/_packaging/EcoSys/npm/registry/shallow-equal/-/shallow-equal-1.2.1.tgz",
      "integrity": "sha1-TBar+lYEOqINBQMk76aJQLDaedo="
    },
    "simple-swizzle": {
      "version": "0.2.2",
      "resolved": "https://pkgs.dev.azure.com/hexagonPPMInnerSource/PPM/_packaging/EcoSys/npm/registry/simple-swizzle/-/simple-swizzle-0.2.2.tgz",
      "integrity": "sha1-pNprY1/8zMoz9w0Xy5JZLeleVXo=",
      "requires": {
        "is-arrayish": "^0.3.1"
      }
    },
    "style-value-types": {
      "version": "3.2.0",
      "resolved": "https://pkgs.dev.azure.com/hexagonPPMInnerSource/PPM/_packaging/EcoSys/npm/registry/style-value-types/-/style-value-types-3.2.0.tgz",
      "integrity": "sha1-64nKsTQII/p4dvPiidKdmckhEbs=",
      "requires": {
        "hey-listen": "^1.0.8",
        "tslib": "^1.10.0"
      }
    },
    "stylefire": {
      "version": "7.0.3",
      "resolved": "https://pkgs.dev.azure.com/hexagonPPMInnerSource/PPM/_packaging/EcoSys/npm/registry/stylefire/-/stylefire-7.0.3.tgz",
      "integrity": "sha1-kSDsuwhBEXiODdqgQHR5l1DyDR0=",
      "requires": {
        "@popmotion/popcorn": "^0.4.4",
        "framesync": "^4.0.0",
        "hey-listen": "^1.0.8",
        "style-value-types": "^3.1.7",
        "tslib": "^1.10.0"
      }
    },
    "tiny-warning": {
      "version": "1.0.3",
      "resolved": "https://pkgs.dev.azure.com/hexagonPPMInnerSource/PPM/_packaging/EcoSys/npm/registry/tiny-warning/-/tiny-warning-1.0.3.tgz",
      "integrity": "sha1-lKMNtFPfTGQ9D9VmBg1gqHXYR1Q="
    },
    "tslib": {
      "version": "1.14.1",
      "resolved": "https://pkgs.dev.azure.com/hexagonPPMInnerSource/PPM/_packaging/EcoSys/npm/registry/tslib/-/tslib-1.14.1.tgz",
      "integrity": "sha1-zy04vcNKE0vK8QkcQfZhni9nLQA="
    },
    "uuid": {
      "version": "8.3.2",
      "resolved": "https://pkgs.dev.azure.com/hexagonPPMInnerSource/PPM/_packaging/EcoSys/npm/registry/uuid/-/uuid-8.3.2.tgz",
      "integrity": "sha1-gNW1ztJxu5r2xEXyGhoExgbO++I="
    },
    "uxt-react": {
      "version": "7.91.1",
      "resolved": "https://pkgs.dev.azure.com/hexagonPPMInnerSource/PPM/_packaging/EcoSys/npm/registry/uxt-react/-/uxt-react-7.91.1.tgz",
      "integrity": "sha1-/N2M0no2GIyoIxfPrIuGksgb7AQ=",
      "requires": {
        "@material-ui/core": "~4.8.0",
        "classnames": "^2.2.6",
        "color": "^3.1.2",
        "d3": "^6.7.0",
        "deepmerge": "^3.2.0",
        "dompurify": "^2.2.6",
        "framer-motion": "^1.6.3",
        "hoist-non-react-statics": "^3.3.0",
        "lodash": "^4.17.21",
        "polished": "^3.4.0",
        "react-draggable": "^4.1.0",
        "react-measure": "^2.5.2",
        "react-resize-detector": "^5.2.0",
        "react-responsive": "^8.2.0",
        "react-virtualized": "9.21.1",
        "react-window": "^1.8.6",
        "uuid": "^8.2.0"
      }
    }
  }
}
